
Microsoft Visual Studio Solution File, Format Version 12.00
# Visual Studio Version 17
VisualStudioVersion = 17.5.33530.505
MinimumVisualStudioVersion = 10.0.40219.1
Project("{9A19103F-16F7-4668-BE54-9A1E7A4F7556}") = "ImgWreck.Api", "ImgWreck.Api\ImgWreck.Api.csproj", "{DC5AA893-0965-4B01-98CF-49D0F9D12AC4}"
EndProject
Project("{9A19103F-16F7-4668-BE54-9A1E7A4F7556}") = "ImgWreck.Svc", "ImgWreck.Svc\ImgWreck.Svc.csproj", "{B0573046-71AC-4EDD-B062-D7C028739776}"
EndProject
Project("{9A19103F-16F7-4668-BE54-9A1E7A4F7556}") = "ImgWreck.Rekg", "ImgWreck.Rekg\ImgWreck.Rekg.csproj", "{C56A3B2D-DF91-49AC-AC83-A7F304D57717}"
EndProject
Project("{9A19103F-16F7-4668-BE54-9A1E7A4F7556}") = "ImgWreck.Common", "ImgWreck.Common\ImgWreck.Common.csproj", "{9E845CFF-F7E8-4EA5-AE49-A4AD4D994B05}"
EndProject
Project("{9A19103F-16F7-4668-BE54-9A1E7A4F7556}") = "ImgWreck.Doc", "ImgWreck.Doc\ImgWreck.Doc.csproj", "{3C68CE10-90CE-4C18-BF7B-A32B289D2D77}"
EndProject
Global
	GlobalSection(SolutionConfigurationPlatforms) = preSolution
		Debug|Any CPU = Debug|Any CPU
		Release|Any CPU = Release|Any CPU
	EndGlobalSection
	GlobalSection(ProjectConfigurationPlatforms) = postSolution
		{DC5AA893-0965-4B01-98CF-49D0F9D12AC4}.Debug|Any CPU.ActiveCfg = Debug|Any CPU
		{DC5AA893-0965-4B01-98CF-49D0F9D12AC4}.Debug|Any CPU.Build.0 = Debug|Any CPU
		{DC5AA893-0965-4B01-98CF-49D0F9D12AC4}.Release|Any CPU.ActiveCfg = Release|Any CPU
		{DC5AA893-0965-4B01-98CF-49D0F9D12AC4}.Release|Any CPU.Build.0 = Release|Any CPU
		{B0573046-71AC-4EDD-B062-D7C028739776}.Debug|Any CPU.ActiveCfg = Debug|Any CPU
		{B0573046-71AC-4EDD-B062-D7C028739776}.Debug|Any CPU.Build.0 = Debug|Any CPU
		{B0573046-71AC-4EDD-B062-D7C028739776}.Release|Any CPU.ActiveCfg = Release|Any CPU
		{B0573046-71AC-4EDD-B062-D7C028739776}.Release|Any CPU.Build.0 = Release|Any CPU
		{C56A3B2D-DF91-49AC-AC83-A7F304D57717}.Debug|Any CPU.ActiveCfg = Debug|Any CPU
		{C56A3B2D-DF91-49AC-AC83-A7F304D57717}.Debug|Any CPU.Build.0 = Debug|Any CPU
		{C56A3B2D-DF91-49AC-AC83-A7F304D57717}.Release|Any CPU.ActiveCfg = Release|Any CPU
		{C56A3B2D-DF91-49AC-AC83-A7F304D57717}.Release|Any CPU.Build.0 = Release|Any CPU
		{9E845CFF-F7E8-4EA5-AE49-A4AD4D994B05}.Debug|Any CPU.ActiveCfg = Debug|Any CPU
		{9E845CFF-F7E8-4EA5-AE49-A4AD4D994B05}.Debug|Any CPU.Build.0 = Debug|Any CPU
		{9E845CFF-F7E8-4EA5-AE49-A4AD4D994B05}.Release|Any CPU.ActiveCfg = Release|Any CPU
		{9E845CFF-F7E8-4EA5-AE49-A4AD4D994B05}.Release|Any CPU.Build.0 = Release|Any CPU
		{3C68CE10-90CE-4C18-BF7B-A32B289D2D77}.Debug|Any CPU.ActiveCfg = Debug|Any CPU
		{3C68CE10-90CE-4C18-BF7B-A32B289D2D77}.Debug|Any CPU.Build.0 = Debug|Any CPU
		{3C68CE10-90CE-4C18-BF7B-A32B289D2D77}.Release|Any CPU.ActiveCfg = Release|Any CPU
		{3C68CE10-90CE-4C18-BF7B-A32B289D2D77}.Release|Any CPU.Build.0 = Release|Any CPU
	EndGlobalSection
	GlobalSection(SolutionProperties) = preSolution
		HideSolutionNode = FALSE
	EndGlobalSection
	GlobalSection(ExtensibilityGlobals) = postSolution
		SolutionGuid = {553CC8D8-7460-4ACF-89E1-9CE4B4C137C4}
	EndGlobalSection
EndGlobal
